
Microsoft Visual Studio Solution File, Format Version 12.00
# Visual Studio Version 16
VisualStudioVersion = 16.0.31729.503
MinimumVisualStudioVersion = 10.0.40219.1
Project("{FAE04EC0-301F-11D3-BF4B-00C04F79EFBC}") = "AppMvcBasica", "AppMvcBasica\AppMvcBasica.csproj", "{FE2B45E0-124E-4EB2-8AF4-8F59284F6A2F}"
EndProject
Global
	GlobalSection(SolutionConfigurationPlatforms) = preSolution
		Debug|Any CPU = Debug|Any CPU
		Release|Any CPU = Release|Any CPU
	EndGlobalSection
	GlobalSection(ProjectConfigurationPlatforms) = postSolution
		{FE2B45E0-124E-4EB2-8AF4-8F59284F6A2F}.Debug|Any CPU.ActiveCfg = Debug|Any CPU
		{FE2B45E0-124E-4EB2-8AF4-8F59284F6A2F}.Debug|Any CPU.Build.0 = Debug|Any CPU
		{FE2B45E0-124E-4EB2-8AF4-8F59284F6A2F}.Release|Any CPU.ActiveCfg = Release|Any CPU
		{FE2B45E0-124E-4EB2-8AF4-8F59284F6A2F}.Release|Any CPU.Build.0 = Release|Any CPU
	EndGlobalSection
	GlobalSection(SolutionProperties) = preSolution
		HideSolutionNode = FALSE
	EndGlobalSection
	GlobalSection(ExtensibilityGlobals) = postSolution
		SolutionGuid = {90C84BBF-3A70-4A77-BFF6-7BCFD0EB7779}
	EndGlobalSection
EndGlobal
